
Microsoft Visual Studio Solution File, Format Version 12.00
# Visual Studio 15
VisualStudioVersion = 15.0.28307.271
MinimumVisualStudioVersion = 10.0.40219.1
Project("{FAE04EC0-301F-11D3-BF4B-00C04F79EFBC}") = "SymLink Tools", "SymLink Tools\SymLink Tools.csproj", "{29FF98D2-A02A-429B-A0BD-87205E267ECC}"
EndProject
Project("{2150E333-8FDC-42A3-9474-1A3956D46DE8}") = "Solution Items", "Solution Items", "{67D0E7B0-49B0-417B-853F-823E9968F6D4}"
	ProjectSection(SolutionItems) = preProject
		README.md = README.md
	EndProjectSection
EndProject
Global
	GlobalSection(SolutionConfigurationPlatforms) = preSolution
		Debug|Any CPU = Debug|Any CPU
		Release|Any CPU = Release|Any CPU
	EndGlobalSection
	GlobalSection(ProjectConfigurationPlatforms) = postSolution
		{29FF98D2-A02A-429B-A0BD-87205E267ECC}.Debug|Any CPU.ActiveCfg = Debug|Any CPU
		{29FF98D2-A02A-429B-A0BD-87205E267ECC}.Debug|Any CPU.Build.0 = Debug|Any CPU
		{29FF98D2-A02A-429B-A0BD-87205E267ECC}.Release|Any CPU.ActiveCfg = Release|Any CPU
		{29FF98D2-A02A-429B-A0BD-87205E267ECC}.Release|Any CPU.Build.0 = Release|Any CPU
	EndGlobalSection
	GlobalSection(SolutionProperties) = preSolution
		HideSolutionNode = FALSE
	EndGlobalSection
	GlobalSection(ExtensibilityGlobals) = postSolution
		SolutionGuid = {FC99D659-B832-47A0-8707-62AD20F3A43A}
	EndGlobalSection
EndGlobal
